
Microsoft Visual Studio Solution File, Format Version 12.00
# Visual Studio Version 16
VisualStudioVersion = 16.0.30717.126
MinimumVisualStudioVersion = 10.0.40219.1
Project("{2150E333-8FDC-42A3-9474-1A3956D46DE8}") = "Src", "Src", "{74333D60-7E6E-4986-8FC5-42D95A91728D}"
EndProject
Project("{2150E333-8FDC-42A3-9474-1A3956D46DE8}") = "Doc", "Doc", "{11364F68-74DE-472F-818A-719F2D7BBA27}"
EndProject
Project("{2150E333-8FDC-42A3-9474-1A3956D46DE8}") = "Test", "Test", "{1B4F3B29-12AC-4BA0-9BE5-F5348727E767}"
EndProject
Project("{2150E333-8FDC-42A3-9474-1A3956D46DE8}") = "Core", "Core", "{36E8CF3F-81E7-46F2-BF32-596F08641AD1}"
EndProject
Project("{2150E333-8FDC-42A3-9474-1A3956D46DE8}") = "Infrastructuers", "Infrastructuers", "{862710D2-D3F3-4D22-ACFB-253D27C28E2D}"
EndProject
Project("{2150E333-8FDC-42A3-9474-1A3956D46DE8}") = "Presentation", "Presentation", "{E1BC87A7-88BD-4B05-AC23-B8BD74C27EA3}"
EndProject
Project("{9A19103F-16F7-4668-BE54-9A1E7A4F7556}") = "ZNews.EndPoint", "ZNews.EndPoint\ZNews.EndPoint.csproj", "{5C70CF59-1A91-4725-8F35-FB32B69E1ABF}"
EndProject
Project("{2150E333-8FDC-42A3-9474-1A3956D46DE8}") = "Common", "Common", "{45F3946D-3065-440B-8FE5-CC469B8A72F9}"
EndProject
Project("{9A19103F-16F7-4668-BE54-9A1E7A4F7556}") = "ZNews.Common", "ZNews.Common\ZNews.Common.csproj", "{27D381C7-941D-40BD-81D3-A378BD026001}"
EndProject
Project("{9A19103F-16F7-4668-BE54-9A1E7A4F7556}") = "ZNews.Domain", "ZNews.Domain\ZNews.Domain.csproj", "{7B78879A-0014-4883-BD5F-5F97AE800E03}"
EndProject
Project("{9A19103F-16F7-4668-BE54-9A1E7A4F7556}") = "ZNews.Application", "ZNews.Application\ZNews.Application.csproj", "{C8979226-07E1-4A29-8982-BED90011934E}"
EndProject
Project("{9A19103F-16F7-4668-BE54-9A1E7A4F7556}") = "ZNews.Persistence", "ZNews.Persistence\ZNews.Persistence.csproj", "{B46B2241-5A8D-41A2-9B2E-9A90EA56851F}"
EndProject
Global
	GlobalSection(SolutionConfigurationPlatforms) = preSolution
		Debug|Any CPU = Debug|Any CPU
		Release|Any CPU = Release|Any CPU
	EndGlobalSection
	GlobalSection(ProjectConfigurationPlatforms) = postSolution
		{5C70CF59-1A91-4725-8F35-FB32B69E1ABF}.Debug|Any CPU.ActiveCfg = Debug|Any CPU
		{5C70CF59-1A91-4725-8F35-FB32B69E1ABF}.Debug|Any CPU.Build.0 = Debug|Any CPU
		{5C70CF59-1A91-4725-8F35-FB32B69E1ABF}.Release|Any CPU.ActiveCfg = Release|Any CPU
		{5C70CF59-1A91-4725-8F35-FB32B69E1ABF}.Release|Any CPU.Build.0 = Release|Any CPU
		{27D381C7-941D-40BD-81D3-A378BD026001}.Debug|Any CPU.ActiveCfg = Debug|Any CPU
		{27D381C7-941D-40BD-81D3-A378BD026001}.Debug|Any CPU.Build.0 = Debug|Any CPU
		{27D381C7-941D-40BD-81D3-A378BD026001}.Release|Any CPU.ActiveCfg = Release|Any CPU
		{27D381C7-941D-40BD-81D3-A378BD026001}.Release|Any CPU.Build.0 = Release|Any CPU
		{7B78879A-0014-4883-BD5F-5F97AE800E03}.Debug|Any CPU.ActiveCfg = Debug|Any CPU
		{7B78879A-0014-4883-BD5F-5F97AE800E03}.Debug|Any CPU.Build.0 = Debug|Any CPU
		{7B78879A-0014-4883-BD5F-5F97AE800E03}.Release|Any CPU.ActiveCfg = Release|Any CPU
		{7B78879A-0014-4883-BD5F-5F97AE800E03}.Release|Any CPU.Build.0 = Release|Any CPU
		{C8979226-07E1-4A29-8982-BED90011934E}.Debug|Any CPU.ActiveCfg = Debug|Any CPU
		{C8979226-07E1-4A29-8982-BED90011934E}.Debug|Any CPU.Build.0 = Debug|Any CPU
		{C8979226-07E1-4A29-8982-BED90011934E}.Release|Any CPU.ActiveCfg = Release|Any CPU
		{C8979226-07E1-4A29-8982-BED90011934E}.Release|Any CPU.Build.0 = Release|Any CPU
		{B46B2241-5A8D-41A2-9B2E-9A90EA56851F}.Debug|Any CPU.ActiveCfg = Debug|Any CPU
		{B46B2241-5A8D-41A2-9B2E-9A90EA56851F}.Debug|Any CPU.Build.0 = Debug|Any CPU
		{B46B2241-5A8D-41A2-9B2E-9A90EA56851F}.Release|Any CPU.ActiveCfg = Release|Any CPU
		{B46B2241-5A8D-41A2-9B2E-9A90EA56851F}.Release|Any CPU.Build.0 = Release|Any CPU
	EndGlobalSection
	GlobalSection(SolutionProperties) = preSolution
		HideSolutionNode = FALSE
	EndGlobalSection
	GlobalSection(NestedProjects) = preSolution
		{36E8CF3F-81E7-46F2-BF32-596F08641AD1} = {74333D60-7E6E-4986-8FC5-42D95A91728D}
		{862710D2-D3F3-4D22-ACFB-253D27C28E2D} = {74333D60-7E6E-4986-8FC5-42D95A91728D}
		{E1BC87A7-88BD-4B05-AC23-B8BD74C27EA3} = {74333D60-7E6E-4986-8FC5-42D95A91728D}
		{5C70CF59-1A91-4725-8F35-FB32B69E1ABF} = {E1BC87A7-88BD-4B05-AC23-B8BD74C27EA3}
		{45F3946D-3065-440B-8FE5-CC469B8A72F9} = {74333D60-7E6E-4986-8FC5-42D95A91728D}
		{27D381C7-941D-40BD-81D3-A378BD026001} = {45F3946D-3065-440B-8FE5-CC469B8A72F9}
		{7B78879A-0014-4883-BD5F-5F97AE800E03} = {36E8CF3F-81E7-46F2-BF32-596F08641AD1}
		{C8979226-07E1-4A29-8982-BED90011934E} = {36E8CF3F-81E7-46F2-BF32-596F08641AD1}
		{B46B2241-5A8D-41A2-9B2E-9A90EA56851F} = {862710D2-D3F3-4D22-ACFB-253D27C28E2D}
	EndGlobalSection
	GlobalSection(ExtensibilityGlobals) = postSolution
		SolutionGuid = {29B26AE1-C495-4BFB-9B28-EFB89DFD8583}
	EndGlobalSection
EndGlobal
